// !$*UTF8*$!
{
	archiveVersion = 1;
	classes = {
	};
	objectVersion = 46;
	objects = {

/* Begin PBXBuildFile section */
		0338A4071B0ED39800EF2651 /* main.m in Sources */ = {isa = PBXBuildFile; fileRef = 0338A4061B0ED39800EF2651 /* main.m */; };
		0338A40A1B0ED39800EF2651 /* AppDelegate.m in Sources */ = {isa = PBXBuildFile; fileRef = 0338A4091B0ED39800EF2651 /* AppDelegate.m */; };
		0338A40D1B0ED39800EF2651 /* ViewController.m in Sources */ = {isa = PBXBuildFile; fileRef = 0338A40C1B0ED39800EF2651 /* ViewController.m */; };
		0338A4101B0ED39800EF2651 /* Main.storyboard in Resources */ = {isa = PBXBuildFile; fileRef = 0338A40E1B0ED39800EF2651 /* Main.storyboard */; };
		0338A4121B0ED39800EF2651 /* Images.xcassets in Resources */ = {isa = PBXBuildFile; fileRef = 0338A4111B0ED39800EF2651 /* Images.xcassets */; };
		0338A4151B0ED39800EF2651 /* LaunchScreen.xib in Resources */ = {isa = PBXBuildFile; fileRef = 0338A4131B0ED39800EF2651 /* LaunchScreen.xib */; };
		0338A4211B0ED39800EF2651 /* TTTExampleTests.m in Sources */ = {isa = PBXBuildFile; fileRef = 0338A4201B0ED39800EF2651 /* TTTExampleTests.m */; };
/* End PBXBuildFile section */

/* Begin PBXContainerItemProxy section */
		0338A41B1B0ED39800EF2651 /* PBXContainerItemProxy */ = {
			isa = PBXContainerItemProxy;
			containerPortal = 0338A3F91B0ED39500EF2651 /* Project object */;
			proxyType = 1;
			remoteGlobalIDString = 0338A4001B0ED39600EF2651;
			remoteInfo = TTTExample;
		};
/* End PBXContainerItemProxy section */

/* Begin PBXFileReference section */
		0338A4011B0ED39600EF2651 /* TTTExample.app */ = {isa = PBXFileReference; explicitFileType = wrapper.application; includeInIndex = 0; path = TTTExample.app; sourceTree = BUILT_PRODUCTS_DIR; };
		0338A4051B0ED39800EF2651 /* Info.plist */ = {isa = PBXFileReference; lastKnownFileType = text.plist.xml; path = Info.plist; sourceTree = "<group>"; };
		0338A4061B0ED39800EF2651 /* main.m */ = {isa = PBXFileReference; lastKnownFileType = sourcecode.c.objc; path = main.m; sourceTree = "<group>"; };
		0338A4081B0ED39800EF2651 /* AppDelegate.h */ = {isa = PBXFileReference; lastKnownFileType = sourcecode.c.h; path = AppDelegate.h; sourceTree = "<group>"; };
		0338A4091B0ED39800EF2651 /* AppDelegate.m */ = {isa = PBXFileReference; lastKnownFileType = sourcecode.c.objc; path = AppDelegate.m; sourceTree = "<group>"; };
		0338A40B1B0ED39800EF2651 /* ViewController.h */ = {isa = PBXFileReference; lastKnownFileType = sourcecode.c.h; path = ViewController.h; sourceTree = "<group>"; };
		0338A40C1B0ED39800EF2651 /* ViewController.m */ = {isa = PBXFileReference; lastKnownFileType = sourcecode.c.objc; path = ViewController.m; sourceTree = "<group>"; };
		0338A40F1B0ED39800EF2651 /* Base */ = {isa = PBXFileReference; lastKnownFileType = file.storyboard; name = Base; path = Base.lproj/Main.storyboard; sourceTree = "<group>"; };
		0338A4111B0ED39800EF2651 /* Images.xcassets */ = {isa = PBXFileReference; lastKnownFileType = folder.assetcatalog; path = Images.xcassets; sourceTree = "<group>"; };
		0338A4141B0ED39800EF2651 /* Base */ = {isa = PBXFileReference; lastKnownFileType = file.xib; name = Base; path = Base.lproj/LaunchScreen.xib; sourceTree = "<group>"; };
		0338A41A1B0ED39800EF2651 /* TTTExampleTests.xctest */ = {isa = PBXFileReference; explicitFileType = wrapper.cfbundle; includeInIndex = 0; path = TTTExampleTests.xctest; sourceTree = BUILT_PRODUCTS_DIR; };
		0338A41F1B0ED39800EF2651 /* Info.plist */ = {isa = PBXFileReference; lastKnownFileType = text.plist.xml; path = Info.plist; sourceTree = "<group>"; };
		0338A4201B0ED39800EF2651 /* TTTExampleTests.m */ = {isa = PBXFileReference; lastKnownFileType = sourcecode.c.objc; path = TTTExampleTests.m; sourceTree = "<group>"; };
/* End PBXFileReference section */

/* Begin PBXFrameworksBuildPhase section */
		0338A3FE1B0ED39600EF2651 /* Frameworks */ = {
			isa = PBXFrameworksBuildPhase;
			buildActionMask = 2147483647;
			files = (
			);
			runOnlyForDeploymentPostprocessing = 0;
		};
		0338A4171B0ED39800EF2651 /* Frameworks */ = {
			isa = PBXFrameworksBuildPhase;
			buildActionMask = 2147483647;
			files = (
			);
			runOnlyForDeploymentPostprocessing = 0;
		};
/* End PBXFrameworksBuildPhase section */

/* Begin PBXGroup section */
		0338A3F81B0ED39500EF2651 = {
			isa = PBXGroup;
			children = (
				0338A4031B0ED39600EF2651 /* TTTExample */,
				0338A41D1B0ED39800EF2651 /* TTTExampleTests */,
				0338A4021B0ED39600EF2651 /* Products */,
			);
			sourceTree = "<group>";
		};
		0338A4021B0ED39600EF2651 /* Products */ = {
			isa = PBXGroup;
			children = (
				0338A4011B0ED39600EF2651 /* TTTExample.app */,
				0338A41A1B0ED39800EF2651 /* TTTExampleTests.xctest */,
			);
			name = Products;
			sourceTree = "<group>";
		};
		0338A4031B0ED39600EF2651 /* TTTExample */ = {
			isa = PBXGroup;
			children = (
				0338A4081B0ED39800EF2651 /* AppDelegate.h */,
				0338A4091B0ED39800EF2651 /* AppDelegate.m */,
				0338A40B1B0ED39800EF2651 /* ViewController.h */,
				0338A40C1B0ED39800EF2651 /* ViewController.m */,
				0338A40E1B0ED39800EF2651 /* Main.storyboard */,
				0338A4111B0ED39800EF2651 /* Images.xcassets */,
				0338A4131B0ED39800EF2651 /* LaunchScreen.xib */,
				0338A4041B0ED39800EF2651 /* Supporting Files */,
			);
			path = TTTExample;
			sourceTree = "<group>";
		};
		0338A4041B0ED39800EF2651 /* Supporting Files */ = {
			isa = PBXGroup;
			children = (
				0338A4051B0ED39800EF2651 /* Info.plist */,
				0338A4061B0ED39800EF2651 /* main.m */,
			);
			name = "Supporting Files";
			sourceTree = "<group>";
		};
		0338A41D1B0ED39800EF2651 /* TTTExampleTests */ = {
			isa = PBXGroup;
			children = (
				0338A4201B0ED39800EF2651 /* TTTExampleTests.m */,
				0338A41E1B0ED39800EF2651 /* Supporting Files */,
			);
			path = TTTExampleTests;
			sourceTree = "<group>";
		};
		0338A41E1B0ED39800EF2651 /* Supporting Files */ = {
			isa = PBXGroup;
			children = (
				0338A41F1B0ED39800EF2651 /* Info.plist */,
			);
			name = "Supporting Files";
			sourceTree = "<group>";
		};
/* End PBXGroup section */

/* Begin PBXNativeTarget section */
		0338A4001B0ED39600EF2651 /* TTTExample */ = {
			isa = PBXNativeTarget;
			buildConfigurationList = 0338A4241B0ED39800EF2651 /* Build configuration list for PBXNativeTarget "TTTExample" */;
			buildPhases = (
				0338A3FD1B0ED39600EF2651 /* Sources */,
				0338A3FE1B0ED39600EF2651 /* Frameworks */,
				0338A3FF1B0ED39600EF2651 /* Resources */,
			);
			buildRules = (
			);
			dependencies = (
			);
			name = TTTExample;
			productName = TTTExample;
			productReference = 0338A4011B0ED39600EF2651 /* TTTExample.app */;
			productType = "com.apple.product-type.application";
		};
		0338A4191B0ED39800EF2651 /* TTTExampleTests */ = {
			isa = PBXNativeTarget;
			buildConfigurationList = 0338A4271B0ED39800EF2651 /* Build configuration list for PBXNativeTarget "TTTExampleTests" */;
			buildPhases = (
				0338A4161B0ED39800EF2651 /* Sources */,
				0338A4171B0ED39800EF2651 /* Frameworks */,
				0338A4181B0ED39800EF2651 /* Resources */,
			);
			buildRules = (
			);
			dependencies = (
				0338A41C1B0ED39800EF2651 /* PBXTargetDependency */,
			);
			name = TTTExampleTests;
			productName = TTTExampleTests;
			productReference = 0338A41A1B0ED39800EF2651 /* TTTExampleTests.xctest */;
			productType = "com.apple.product-type.bundle.unit-test";
		};
/* End PBXNativeTarget section */

/* Begin PBXProject section */
		0338A3F91B0ED39500EF2651 /* Project object */ = {
			isa = PBXProject;
			attributes = {
				LastUpgradeCheck = 0630;
				ORGANIZATIONNAME = "Josh Wright";
				TargetAttributes = {
					0338A4001B0ED39600EF2651 = {
						CreatedOnToolsVersion = 6.3.2;
					};
					0338A4191B0ED39800EF2651 = {
						CreatedOnToolsVersion = 6.3.2;
						TestTargetID = 0338A4001B0ED39600EF2651;
					};
				};
			};
			buildConfigurationList = 0338A3FC1B0ED39500EF2651 /* Build configuration list for PBXProject "TTTExample" */;
			compatibilityVersion = "Xcode 3.2";
			developmentRegion = English;
			hasScannedForEncodings = 0;
			knownRegions = (
				en,
				Base,
			);
			mainGroup = 0338A3F81B0ED39500EF2651;
			productRefGroup = 0338A4021B0ED39600EF2651 /* Products */;
			projectDirPath = "";
			projectRoot = "";
			targets = (
				0338A4001B0ED39600EF2651 /* TTTExample */,
				0338A4191B0ED39800EF2651 /* TTTExampleTests */,
			);
		};
/* End PBXProject section */

/* Begin PBXResourcesBuildPhase section */
		0338A3FF1B0ED39600EF2651 /* Resources */ = {
			isa = PBXResourcesBuildPhase;
			buildActionMask = 2147483647;
			files = (
				0338A4101B0ED39800EF2651 /* Main.storyboard in Resources */,
				0338A4151B0ED39800EF2651 /* LaunchScreen.xib in Resources */,
				0338A4121B0ED39800EF2651 /* Images.xcassets in Resources */,
			);
			runOnlyForDeploymentPostprocessing = 0;
		};
		0338A4181B0ED39800EF2651 /* Resources */ = {
			isa = PBXResourcesBuildPhase;
			buildActionMask = 2147483647;
			files = (
			);
			runOnlyForDeploymentPostprocessing = 0;
		};
/* End PBXResourcesBuildPhase section */

/* Begin PBXSourcesBuildPhase section */
		0338A3FD1B0ED39600EF2651 /* Sources */ = {
			isa = PBXSourcesBuildPhase;
			buildActionMask = 2147483647;
			files = (
				0338A40D1B0ED39800EF2651 /* ViewController.m in Sources */,
				0338A40A1B0ED39800EF2651 /* AppDelegate.m in Sources */,
				0338A4071B0ED39800EF2651 /* main.m in Sources */,
			);
			runOnlyForDeploymentPostprocessing = 0;
		};
		0338A4161B0ED39800EF2651 /* Sources */ = {
			isa = PBXSourcesBuildPhase;
			buildActionMask = 2147483647;
			files = (
				0338A4211B0ED39800EF2651 /* TTTExampleTests.m in Sources */,
			);
			runOnlyForDeploymentPostprocessing = 0;
		};
/* End PBXSourcesBuildPhase section */

/* Begin PBXTargetDependency section */
		0338A41C1B0ED39800EF2651 /* PBXTargetDependency */ = {
			isa = PBXTargetDependency;
			target = 0338A4001B0ED39600EF2651 /* TTTExample */;
			targetProxy = 0338A41B1B0ED39800EF2651 /* PBXContainerItemProxy */;
		};
/* End PBXTargetDependency section */

/* Begin PBXVariantGroup section */
		0338A40E1B0ED39800EF2651 /* Main.storyboard */ = {
			isa = PBXVariantGroup;
			children = (
				0338A40F1B0ED39800EF2651 /* Base */,
			);
			name = Main.storyboard;
			sourceTree = "<group>";
		};
		0338A4131B0ED39800EF2651 /* LaunchScreen.xib */ = {
			isa = PBXVariantGroup;
			children = (
				0338A4141B0ED39800EF2651 /* Base */,
			);
			name = LaunchScreen.xib;
			sourceTree = "<group>";
		};
/* End PBXVariantGroup section */

/* Begin XCBuildConfiguration section */
		0338A4221B0ED39800EF2651 /* Debug */ = {
			isa = XCBuildConfiguration;
			buildSettings = {
				ALWAYS_SEARCH_USER_PATHS = NO;
				CLANG_CXX_LANGUAGE_STANDARD = "gnu++0x";
				CLANG_CXX_LIBRARY = "libc++";
				CLANG_ENABLE_MODULES = YES;
				CLANG_ENABLE_OBJC_ARC = YES;
				CLANG_WARN_BOOL_CONVERSION = YES;
				CLANG_WARN_CONSTANT_CONVERSION = YES;
				CLANG_WARN_DIRECT_OBJC_ISA_USAGE = YES_ERROR;
				CLANG_WARN_EMPTY_BODY = YES;
				CLANG_WARN_ENUM_CONVERSION = YES;
				CLANG_WARN_INT_CONVERSION = YES;
				CLANG_WARN_OBJC_ROOT_CLASS = YES_ERROR;
				CLANG_WARN_UNREACHABLE_CODE = YES;
				CLANG_WARN__DUPLICATE_METHOD_MATCH = YES;
				"CODE_SIGN_IDENTITY[sdk=iphoneos*]" = "iPhone Developer";
				COPY_PHASE_STRIP = NO;
				DEBUG_INFORMATION_FORMAT = "dwarf-with-dsym";
				ENABLE_STRICT_OBJC_MSGSEND = YES;
				GCC_C_LANGUAGE_STANDARD = gnu99;
				GCC_DYNAMIC_NO_PIC = NO;
				GCC_NO_COMMON_BLOCKS = YES;
				GCC_OPTIMIZATION_LEVEL = 0;
				GCC_PREPROCESSOR_DEFINITIONS = (
					"DEBUG=1",
					"$(inherited)",
				);
				GCC_SYMBOLS_PRIVATE_EXTERN = NO;
				GCC_WARN_64_TO_32_BIT_CONVERSION = YES;
				GCC_WARN_ABOUT_RETURN_TYPE = YES_ERROR;
				GCC_WARN_UNDECLARED_SELECTOR = YES;
				GCC_WARN_UNINITIALIZED_AUTOS = YES_AGGRESSIVE;
				GCC_WARN_UNUSED_FUNCTION = YES;
				GCC_WARN_UNUSED_VARIABLE = YES;
				IPHONEOS_DEPLOYMENT_TARGET = 8.3;
				MTL_ENABLE_DEBUG_INFO = YES;
				ONLY_ACTIVE_ARCH = YES;
				SDKROOT = iphoneos;
			};
			name = Debug;
		};
		0338A4231B0ED39800EF2651 /* Release */ = {
			isa = XCBuildConfiguration;
			buildSettings = {
				ALWAYS_SEARCH_USER_PATHS = NO;
				CLANG_CXX_LANGUAGE_STANDARD = "gnu++0x";
				CLANG_CXX_LIBRARY = "libc++";
				CLANG_ENABLE_MODULES = YES;
				CLANG_ENABLE_OBJC_ARC = YES;
				CLANG_WARN_BOOL_CONVERSION = YES;
				CLANG_WARN_CONSTANT_CONVERSION = YES;
				CLANG_WARN_DIRECT_OBJC_ISA_USAGE = YES_ERROR;
				CLANG_WARN_EMPTY_BODY = YES;
				CLANG_WARN_ENUM_CONVERSION = YES;
				CLANG_WARN_INT_CONVERSION = YES;
				CLANG_WARN_OBJC_ROOT_CLASS = YES_ERROR;
				CLANG_WARN_UNREACHABLE_CODE = YES;
				CLANG_WARN__DUPLICATE_METHOD_MATCH = YES;
				"CODE_SIGN_IDENTITY[sdk=iphoneos*]" = "iPhone Developer";
				COPY_PHASE_STRIP = NO;
				DEBUG_INFORMATION_FORMAT = "dwarf-with-dsym";
				ENABLE_NS_ASSERTIONS = NO;
				ENABLE_STRICT_OBJC_MSGSEND = YES;
				GCC_C_LANGUAGE_STANDARD = gnu99;
				GCC_NO_COMMON_BLOCKS = YES;
				GCC_WARN_64_TO_32_BIT_CONVERSION = YES;
				GCC_WARN_ABOUT_RETURN_TYPE = YES_ERROR;
				GCC_WARN_UNDECLARED_SELECTOR = YES;
				GCC_WARN_UNINITIALIZED_AUTOS = YES_AGGRESSIVE;
				GCC_WARN_UNUSED_FUNCTION = YES;
				GCC_WARN_UNUSED_VARIABLE = YES;
				IPHONEOS_DEPLOYMENT_TARGET = 8.3;
				MTL_ENABLE_DEBUG_INFO = NO;
				SDKROOT = iphoneos;
				VALIDATE_PRODUCT = YES;
			};
			name = Release;
		};
		0338A4251B0ED39800EF2651 /* Debug */ = {
			isa = XCBuildConfiguration;
			buildSettings = {
				ASSETCATALOG_COMPILER_APPICON_NAME = AppIcon;
				INFOPLIST_FILE = TTTExample/Info.plist;
				LD_RUNPATH_SEARCH_PATHS = "$(inherited) @executable_path/Frameworks";
				PRODUCT_NAME = "$(TARGET_NAME)";
			};
			name = Debug;
		};
		0338A4261B0ED39800EF2651 /* Release */ = {
			isa = XCBuildConfiguration;
			buildSettings = {
				ASSETCATALOG_COMPILER_APPICON_NAME = AppIcon;
				INFOPLIST_FILE = TTTExample/Info.plist;
				LD_RUNPATH_SEARCH_PATHS = "$(inherited) @executable_path/Frameworks";
				PRODUCT_NAME = "$(TARGET_NAME)";
			};
			name = Release;
		};
		0338A4281B0ED39800EF2651 /* Debug */ = {
			isa = XCBuildConfiguration;
			buildSettings = {
				BUNDLE_LOADER = "$(TEST_HOST)";
				FRAMEWORK_SEARCH_PATHS = (
					"$(SDKROOT)/Developer/Library/Frameworks",
					"$(inherited)",
				);
				GCC_PREPROCESSOR_DEFINITIONS = (
					"DEBUG=1",
					"$(inherited)",
				);
				INFOPLIST_FILE = TTTExampleTests/Info.plist;
				LD_RUNPATH_SEARCH_PATHS = "$(inherited) @executable_path/Frameworks @loader_path/Frameworks";
				PRODUCT_NAME = "$(TARGET_NAME)";
				TEST_HOST = "$(BUILT_PRODUCTS_DIR)/TTTExample.app/TTTExample";
			};
			name = Debug;
		};
		0338A4291B0ED39800EF2651 /* Release */ = {
			isa = XCBuildConfiguration;
			buildSettings = {
				BUNDLE_LOADER = "$(TEST_HOST)";
				FRAMEWORK_SEARCH_PATHS = (
					"$(SDKROOT)/Developer/Library/Frameworks",
					"$(inherited)",
				);
				INFOPLIST_FILE = TTTExampleTests/Info.plist;
				LD_RUNPATH_SEARCH_PATHS = "$(inherited) @executable_path/Frameworks @loader_path/Frameworks";
				PRODUCT_NAME = "$(TARGET_NAME)";
				TEST_HOST = "$(BUILT_PRODUCTS_DIR)/TTTExample.app/TTTExample";
			};
			name = Release;
		};
/* End XCBuildConfiguration section */

/* Begin XCConfigurationList section */
		0338A3FC1B0ED39500EF2651 /* Build configuration list for PBXProject "TTTExample" */ = {
			isa = XCConfigurationList;
			buildConfigurations = (
				0338A4221B0ED39800EF2651 /* Debug */,
				0338A4231B0ED39800EF2651 /* Release */,
			);
			defaultConfigurationIsVisible = 0;
			defaultConfigurationName = Release;
		};
		0338A4241B0ED39800EF2651 /* Build configuration list for PBXNativeTarget "TTTExample" */ = {
			isa = XCConfigurationList;
			buildConfigurations = (
				0338A4251B0ED39800EF2651 /* Debug */,
				0338A4261B0ED39800EF2651 /* Release */,
			);
			defaultConfigurationIsVisible = 0;
		};
		0338A4271B0ED39800EF2651 /* Build configuration list for PBXNativeTarget "TTTExampleTests" */ = {
			isa = XCConfigurationList;
			buildConfigurations = (
				0338A4281B0ED39800EF2651 /* Debug */,
				0338A4291B0ED39800EF2651 /* Release */,
			);
			defaultConfigurationIsVisible = 0;
		};
/* End XCConfigurationList section */
	};
	rootObject = 0338A3F91B0ED39500EF2651 /* Project object */;
}
